
Microsoft Visual Studio Solution File, Format Version 12.00
# Visual Studio Version 17
VisualStudioVersion = 17.8.34408.163
MinimumVisualStudioVersion = 10.0.40219.1
Project("{FAE04EC0-301F-11D3-BF4B-00C04F79EFBC}") = "AtmManagementSystem", "AtmManagementSystem\AtmManagementSystem.csproj", "{3588CE4F-CF41-4610-80BA-3C714A5602EC}"
EndProject
Global
	GlobalSection(SolutionConfigurationPlatforms) = preSolution
		Debug|Any CPU = Debug|Any CPU
		Release|Any CPU = Release|Any CPU
	EndGlobalSection
	GlobalSection(ProjectConfigurationPlatforms) = postSolution
		{3588CE4F-CF41-4610-80BA-3C714A5602EC}.Debug|Any CPU.ActiveCfg = Debug|Any CPU
		{3588CE4F-CF41-4610-80BA-3C714A5602EC}.Debug|Any CPU.Build.0 = Debug|Any CPU
		{3588CE4F-CF41-4610-80BA-3C714A5602EC}.Release|Any CPU.ActiveCfg = Release|Any CPU
		{3588CE4F-CF41-4610-80BA-3C714A5602EC}.Release|Any CPU.Build.0 = Release|Any CPU
	EndGlobalSection
	GlobalSection(SolutionProperties) = preSolution
		HideSolutionNode = FALSE
	EndGlobalSection
	GlobalSection(ExtensibilityGlobals) = postSolution
		SolutionGuid = {E117D174-097A-4475-94CC-201396FC50F4}
	EndGlobalSection
EndGlobal
